
Microsoft Visual Studio Solution File, Format Version 12.00
# Visual Studio Version 17
VisualStudioVersion = 17.14.36310.24
MinimumVisualStudioVersion = 10.0.40219.1
Project("{FAE04EC0-301F-11D3-BF4B-00C04F79EFBC}") = "SEMANA3_C#", "UNIDAD 1\SEMANA3_CSHARP\SEMANA3_C#.csproj", "{308A5B76-5A2A-4749-AA7E-0D8153CB750B}"
EndProject
Project("{888888A0-9F3D-457C-B088-3A5042F75D52}") = "SEMANA3_PYTHON", "UNIDAD 1\SEMANA3_PYTHON\SEMANA3_PYTHON.pyproj", "{D6E9D99C-6F81-490E-9587-E27E2E607207}"
EndProject
Project("{FAE04EC0-301F-11D3-BF4B-00C04F79EFBC}") = "SEMANA4-C#", "UNIDAD 1\SEMANA4-CSHARP\SEMANA4-C#.csproj", "{7F21D446-6A8C-4166-8332-947D7CB64FF5}"
EndProject
Project("{888888A0-9F3D-457C-B088-3A5042F75D52}") = "SEMANA4-PY", "UNIDAD 1\SEMANA4-PYTHON\SEMANA4-PY.pyproj", "{61EF0293-B83A-4682-961A-738DEF664CA5}"
EndProject
Project("{FAE04EC0-301F-11D3-BF4B-00C04F79EFBC}") = "SEMANA5_C#", "UNIDAD 1\SEMANA5_CSHARP\SEMANA5_C#.csproj", "{C777B694-2706-4F05-88DB-A04022807E6D}"
EndProject
Project("{888888A0-9F3D-457C-B088-3A5042F75D52}") = "SEMANA5_PYTHON", "UNIDAD 1\SEMANA5_PYTHON\SEMANA5_PYTHON.pyproj", "{254C1CA0-3D52-4D84-941D-A87E1DB78CEC}"
EndProject
Project("{888888A0-9F3D-457C-B088-3A5042F75D52}") = "SEMANA6_PY", "UNIDAD 1\SEMANA6_PYTHON\SEMANA6_PY.pyproj", "{401B8534-7E62-466B-9DDF-F5C5EC5E6C77}"
EndProject
Project("{FAE04EC0-301F-11D3-BF4B-00C04F79EFBC}") = "SEMANA7-Isaias_C#", "UNIDAD 2\SEMANA7_CSHARP-Isaias\SEMANA7-Isaias_C#.csproj", "{33A53766-7989-494F-8500-E81F61019B40}"
EndProject
Project("{888888A0-9F3D-457C-B088-3A5042F75D52}") = "SEMANA7-PYTHON", "UNIDAD 2\SEMANA7-PYTHON\SEMANA7-PYTHON.pyproj", "{7821B21B-6FB0-497B-94C0-3DBE59F6F382}"
EndProject
Project("{888888A0-9F3D-457C-B088-3A5042F75D52}") = "SEMANA8-PYTHON", "UNIDAD 2\SEMANA8-PYTHON\SEMANA8-PYTHON.pyproj", "{1F5EDD49-AFC0-43B6-B130-24593C4EBD4A}"
EndProject
Project("{FAE04EC0-301F-11D3-BF4B-00C04F79EFBC}") = "SEMANA8_CSHARD", "UNIDAD 2\SEMANA8_CSHARD\SEMANA8_CSHARD.csproj", "{FC41355C-3524-4903-A7BA-05D71E279498}"
EndProject
Project("{FAE04EC0-301F-11D3-BF4B-00C04F79EFBC}") = "SEMANA9_CSHARD", "UNIDAD 2\SEMANA9_CSHARD\SEMANA9_CSHARD.csproj", "{39A1AD81-EF0E-45C2-85E9-4673BA1FD408}"
EndProject
Project("{FAE04EC0-301F-11D3-BF4B-00C04F79EFBC}") = "SEMANA9_Isaias", "UNIDAD 2\SEMANA9_EJERC\SEMANA9_Isaias\SEMANA9_Isaias.csproj", "{1498AC76-B8F2-4814-BB51-791866692E09}"
EndProject
Project("{888888A0-9F3D-457C-B088-3A5042F75D52}") = "SEMANA9_PYTHON", "UNIDAD 2\SEMANA9_PYTHON_Y\SEMANA9_PYTHON\SEMANA9_PYTHON.pyproj", "{95FE5D18-2E8B-4651-8640-0409B224C29F}"
EndProject
Project("{FAE04EC0-301F-11D3-BF4B-00C04F79EFBC}") = "SEMANA10_CSHARD", "UNIDAD 2\SEMANA10_CSHARD\SEMANA10_CSHARD.csproj", "{9D4BA596-AF1F-4248-9BAB-7F05DB078CB4}"
EndProject
Project("{FAE04EC0-301F-11D3-BF4B-00C04F79EFBC}") = "Biblioteca", "UNIDAD 2\SEMANA10_CSHARD\Biblioteca\Biblioteca.csproj", "{D6385461-9649-475F-A0A6-51409BE33AE3}"
EndProject
Project("{FAE04EC0-301F-11D3-BF4B-00C04F79EFBC}") = "SEMANA11_CSHARD_ISAIAS", "UNIDAD 3\SEMANA_11\SEMANA11_CSHARD_ISAIAS\SEMANA11_CSHARD_ISAIAS.csproj", "{7823D662-8433-4286-9C24-DB5439045400}"
EndProject
Project("{FAE04EC0-301F-11D3-BF4B-00C04F79EFBC}") = "Prueba11", "UNIDAD 3\SEMANA_11\Prueba11\Prueba11.csproj", "{E94A5181-5ACD-4472-B73E-11FD06DB228B}"
EndProject
Project("{FAE04EC0-301F-11D3-BF4B-00C04F79EFBC}") = "SEMANA11_SCHARD-YORDAN", "UNIDAD 3\SEMANA_11\SEMANA11_SCHARD-YORDAN\SEMANA11_SCHARD-YORDAN.csproj", "{C43DB9BA-5AA1-47B6-86BE-B3F0DA71EE7C}"
EndProject
Project("{FAE04EC0-301F-11D3-BF4B-00C04F79EFBC}") = "SEMANA12_CSHARD_ISAIAS", "UNIDAD 3\SEMANA_12\SEMANA12_CSHARD_ISAIAS\SEMANA12_CSHARD_ISAIAS.csproj", "{596FCA82-3621-489B-BB3D-F2B70B97C28A}"
EndProject
Project("{FAE04EC0-301F-11D3-BF4B-00C04F79EFBC}") = "SEMANA12_CSHARD", "UNIDAD 3\SEMANA_12\SEMANA12_CSHARD_YORDAN\SEMANA12_CSHARD\SEMANA12_CSHARD.csproj", "{63A92A00-6338-4284-955B-D75DD3348AC9}"
EndProject
Project("{FAE04EC0-301F-11D3-BF4B-00C04F79EFBC}") = "SEMANA13", "UNIDAD 3\SEMANA_13\CSHARD_YORDAN\SEMANA13\SEMANA13.csproj", "{7C0B19B5-1E7F-43EA-B89C-2D276D30B646}"
EndProject
Project("{FAE04EC0-301F-11D3-BF4B-00C04F79EFBC}") = "EJERCICIO", "UNIDAD 3\SEMANA_14\CSHARD_YORDAN\EJERCICIO\EJERCICIO.csproj", "{7387D299-4F39-4904-8CCD-58A82999088B}"
EndProject
Global
	GlobalSection(SolutionConfigurationPlatforms) = preSolution
		Debug|Any CPU = Debug|Any CPU
		Release|Any CPU = Release|Any CPU
	EndGlobalSection
	GlobalSection(ProjectConfigurationPlatforms) = postSolution
		{308A5B76-5A2A-4749-AA7E-0D8153CB750B}.Debug|Any CPU.ActiveCfg = Debug|Any CPU
		{308A5B76-5A2A-4749-AA7E-0D8153CB750B}.Debug|Any CPU.Build.0 = Debug|Any CPU
		{308A5B76-5A2A-4749-AA7E-0D8153CB750B}.Release|Any CPU.ActiveCfg = Release|Any CPU
		{308A5B76-5A2A-4749-AA7E-0D8153CB750B}.Release|Any CPU.Build.0 = Release|Any CPU
		{D6E9D99C-6F81-490E-9587-E27E2E607207}.Debug|Any CPU.ActiveCfg = Debug|Any CPU
		{D6E9D99C-6F81-490E-9587-E27E2E607207}.Release|Any CPU.ActiveCfg = Release|Any CPU
		{7F21D446-6A8C-4166-8332-947D7CB64FF5}.Debug|Any CPU.ActiveCfg = Debug|Any CPU
		{7F21D446-6A8C-4166-8332-947D7CB64FF5}.Debug|Any CPU.Build.0 = Debug|Any CPU
		{7F21D446-6A8C-4166-8332-947D7CB64FF5}.Release|Any CPU.ActiveCfg = Release|Any CPU
		{7F21D446-6A8C-4166-8332-947D7CB64FF5}.Release|Any CPU.Build.0 = Release|Any CPU
		{61EF0293-B83A-4682-961A-738DEF664CA5}.Debug|Any CPU.ActiveCfg = Debug|Any CPU
		{61EF0293-B83A-4682-961A-738DEF664CA5}.Release|Any CPU.ActiveCfg = Release|Any CPU
		{C777B694-2706-4F05-88DB-A04022807E6D}.Debug|Any CPU.ActiveCfg = Debug|Any CPU
		{C777B694-2706-4F05-88DB-A04022807E6D}.Debug|Any CPU.Build.0 = Debug|Any CPU
		{C777B694-2706-4F05-88DB-A04022807E6D}.Release|Any CPU.ActiveCfg = Release|Any CPU
		{C777B694-2706-4F05-88DB-A04022807E6D}.Release|Any CPU.Build.0 = Release|Any CPU
		{254C1CA0-3D52-4D84-941D-A87E1DB78CEC}.Debug|Any CPU.ActiveCfg = Debug|Any CPU
		{254C1CA0-3D52-4D84-941D-A87E1DB78CEC}.Release|Any CPU.ActiveCfg = Release|Any CPU
		{401B8534-7E62-466B-9DDF-F5C5EC5E6C77}.Debug|Any CPU.ActiveCfg = Debug|Any CPU
		{401B8534-7E62-466B-9DDF-F5C5EC5E6C77}.Release|Any CPU.ActiveCfg = Release|Any CPU
		{33A53766-7989-494F-8500-E81F61019B40}.Debug|Any CPU.ActiveCfg = Debug|Any CPU
		{33A53766-7989-494F-8500-E81F61019B40}.Debug|Any CPU.Build.0 = Debug|Any CPU
		{33A53766-7989-494F-8500-E81F61019B40}.Release|Any CPU.ActiveCfg = Release|Any CPU
		{33A53766-7989-494F-8500-E81F61019B40}.Release|Any CPU.Build.0 = Release|Any CPU
		{7821B21B-6FB0-497B-94C0-3DBE59F6F382}.Debug|Any CPU.ActiveCfg = Debug|Any CPU
		{7821B21B-6FB0-497B-94C0-3DBE59F6F382}.Release|Any CPU.ActiveCfg = Release|Any CPU
		{1F5EDD49-AFC0-43B6-B130-24593C4EBD4A}.Debug|Any CPU.ActiveCfg = Debug|Any CPU
		{1F5EDD49-AFC0-43B6-B130-24593C4EBD4A}.Release|Any CPU.ActiveCfg = Release|Any CPU
		{FC41355C-3524-4903-A7BA-05D71E279498}.Debug|Any CPU.ActiveCfg = Debug|Any CPU
		{FC41355C-3524-4903-A7BA-05D71E279498}.Debug|Any CPU.Build.0 = Debug|Any CPU
		{FC41355C-3524-4903-A7BA-05D71E279498}.Release|Any CPU.ActiveCfg = Release|Any CPU
		{FC41355C-3524-4903-A7BA-05D71E279498}.Release|Any CPU.Build.0 = Release|Any CPU
		{39A1AD81-EF0E-45C2-85E9-4673BA1FD408}.Debug|Any CPU.ActiveCfg = Debug|Any CPU
		{39A1AD81-EF0E-45C2-85E9-4673BA1FD408}.Debug|Any CPU.Build.0 = Debug|Any CPU
		{39A1AD81-EF0E-45C2-85E9-4673BA1FD408}.Release|Any CPU.ActiveCfg = Release|Any CPU
		{39A1AD81-EF0E-45C2-85E9-4673BA1FD408}.Release|Any CPU.Build.0 = Release|Any CPU
		{1498AC76-B8F2-4814-BB51-791866692E09}.Debug|Any CPU.ActiveCfg = Debug|Any CPU
		{1498AC76-B8F2-4814-BB51-791866692E09}.Debug|Any CPU.Build.0 = Debug|Any CPU
		{1498AC76-B8F2-4814-BB51-791866692E09}.Release|Any CPU.ActiveCfg = Release|Any CPU
		{1498AC76-B8F2-4814-BB51-791866692E09}.Release|Any CPU.Build.0 = Release|Any CPU
		{95FE5D18-2E8B-4651-8640-0409B224C29F}.Debug|Any CPU.ActiveCfg = Debug|Any CPU
		{95FE5D18-2E8B-4651-8640-0409B224C29F}.Release|Any CPU.ActiveCfg = Release|Any CPU
		{9D4BA596-AF1F-4248-9BAB-7F05DB078CB4}.Debug|Any CPU.ActiveCfg = Debug|Any CPU
		{9D4BA596-AF1F-4248-9BAB-7F05DB078CB4}.Debug|Any CPU.Build.0 = Debug|Any CPU
		{9D4BA596-AF1F-4248-9BAB-7F05DB078CB4}.Release|Any CPU.ActiveCfg = Release|Any CPU
		{9D4BA596-AF1F-4248-9BAB-7F05DB078CB4}.Release|Any CPU.Build.0 = Release|Any CPU
		{D6385461-9649-475F-A0A6-51409BE33AE3}.Debug|Any CPU.ActiveCfg = Debug|Any CPU
		{D6385461-9649-475F-A0A6-51409BE33AE3}.Debug|Any CPU.Build.0 = Debug|Any CPU
		{D6385461-9649-475F-A0A6-51409BE33AE3}.Release|Any CPU.ActiveCfg = Release|Any CPU
		{D6385461-9649-475F-A0A6-51409BE33AE3}.Release|Any CPU.Build.0 = Release|Any CPU
		{7823D662-8433-4286-9C24-DB5439045400}.Debug|Any CPU.ActiveCfg = Debug|Any CPU
		{7823D662-8433-4286-9C24-DB5439045400}.Debug|Any CPU.Build.0 = Debug|Any CPU
		{7823D662-8433-4286-9C24-DB5439045400}.Release|Any CPU.ActiveCfg = Release|Any CPU
		{7823D662-8433-4286-9C24-DB5439045400}.Release|Any CPU.Build.0 = Release|Any CPU
		{E94A5181-5ACD-4472-B73E-11FD06DB228B}.Debug|Any CPU.ActiveCfg = Debug|Any CPU
		{E94A5181-5ACD-4472-B73E-11FD06DB228B}.Debug|Any CPU.Build.0 = Debug|Any CPU
		{E94A5181-5ACD-4472-B73E-11FD06DB228B}.Release|Any CPU.ActiveCfg = Release|Any CPU
		{E94A5181-5ACD-4472-B73E-11FD06DB228B}.Release|Any CPU.Build.0 = Release|Any CPU
		{C43DB9BA-5AA1-47B6-86BE-B3F0DA71EE7C}.Debug|Any CPU.ActiveCfg = Debug|Any CPU
		{C43DB9BA-5AA1-47B6-86BE-B3F0DA71EE7C}.Debug|Any CPU.Build.0 = Debug|Any CPU
		{C43DB9BA-5AA1-47B6-86BE-B3F0DA71EE7C}.Release|Any CPU.ActiveCfg = Release|Any CPU
		{C43DB9BA-5AA1-47B6-86BE-B3F0DA71EE7C}.Release|Any CPU.Build.0 = Release|Any CPU
		{596FCA82-3621-489B-BB3D-F2B70B97C28A}.Debug|Any CPU.ActiveCfg = Debug|Any CPU
		{596FCA82-3621-489B-BB3D-F2B70B97C28A}.Debug|Any CPU.Build.0 = Debug|Any CPU
		{596FCA82-3621-489B-BB3D-F2B70B97C28A}.Release|Any CPU.ActiveCfg = Release|Any CPU
		{596FCA82-3621-489B-BB3D-F2B70B97C28A}.Release|Any CPU.Build.0 = Release|Any CPU
		{63A92A00-6338-4284-955B-D75DD3348AC9}.Debug|Any CPU.ActiveCfg = Debug|Any CPU
		{63A92A00-6338-4284-955B-D75DD3348AC9}.Debug|Any CPU.Build.0 = Debug|Any CPU
		{63A92A00-6338-4284-955B-D75DD3348AC9}.Release|Any CPU.ActiveCfg = Release|Any CPU
		{63A92A00-6338-4284-955B-D75DD3348AC9}.Release|Any CPU.Build.0 = Release|Any CPU
		{7C0B19B5-1E7F-43EA-B89C-2D276D30B646}.Debug|Any CPU.ActiveCfg = Debug|Any CPU
		{7C0B19B5-1E7F-43EA-B89C-2D276D30B646}.Debug|Any CPU.Build.0 = Debug|Any CPU
		{7C0B19B5-1E7F-43EA-B89C-2D276D30B646}.Release|Any CPU.ActiveCfg = Release|Any CPU
		{7C0B19B5-1E7F-43EA-B89C-2D276D30B646}.Release|Any CPU.Build.0 = Release|Any CPU
		{7387D299-4F39-4904-8CCD-58A82999088B}.Debug|Any CPU.ActiveCfg = Debug|Any CPU
		{7387D299-4F39-4904-8CCD-58A82999088B}.Debug|Any CPU.Build.0 = Debug|Any CPU
		{7387D299-4F39-4904-8CCD-58A82999088B}.Release|Any CPU.ActiveCfg = Release|Any CPU
		{7387D299-4F39-4904-8CCD-58A82999088B}.Release|Any CPU.Build.0 = Release|Any CPU
	EndGlobalSection
	GlobalSection(SolutionProperties) = preSolution
		HideSolutionNode = FALSE
	EndGlobalSection
	GlobalSection(ExtensibilityGlobals) = postSolution
		SolutionGuid = {76F1D4B6-588F-4FDB-BAD8-E7C26595EBAB}
	EndGlobalSection
EndGlobal
